{
    "_readme": [
        "This file locks the dependencies of your project to a known state",
        "Read more about it at https://getcomposer.org/doc/01-basic-usage.md#installing-dependencies",
        "This file is @generated automatically"
    ],
    "content-hash": "40248d8274fcd85d24890ff9947902ce",
    "packages": [
        {
            "name": "knplabs/knp-menu",
            "version": "v3.1.1",
            "source": {
                "type": "git",
                "url": "https://github.com/KnpLabs/KnpMenu.git",
                "reference": "254fb64d545f087451cc197a7fa5d47e03ffb038"
            },
            "dist": {
                "type": "zip",
                "url": "https://api.github.com/repos/KnpLabs/KnpMenu/zipball/254fb64d545f087451cc197a7fa5d47e03ffb038",
                "reference": "254fb64d545f087451cc197a7fa5d47e03ffb038",
                "shasum": ""
            },
            "require": {
                "php": "^7.2"
            },
            "conflict": {
                "twig/twig": "<1.40 || >=2,<2.9"
            },
            "require-dev": {
                "phpspec/prophecy": "^1.8",
                "psr/container": "^1.0",
                "symfony/http-foundation": "^3.4 || ^4.2|| ^5.0",
                "symfony/phpunit-bridge": "^3.3 || ^4.2|| ^5.0",
                "symfony/routing": "^3.4 || ^4.2|| ^5.0",
                "twig/twig": "^1.40 || ^2.9 || ^3.0"
            },
            "suggest": {
                "twig/twig": "for the TwigRenderer and the integration with your templates"
            },
            "type": "library",
            "extra": {
                "branch-alias": {
                    "dev-master": "3.2-dev"
                }
            },
            "autoload": {
                "psr-4": {
                    "Knp\\Menu\\": "src/Knp/Menu"
                }
            },
            "notification-url": "https://packagist.org/downloads/",
            "license": [
                "MIT"
            ],
            "authors": [
                {
                    "name": "KnpLabs",
                    "homepage": "https://knplabs.com"
                },
                {
                    "name": "Christophe Coevoet",
                    "email": "stof@notk.org"
                },
                {
                    "name": "The Community",
                    "homepage": "https://github.com/KnpLabs/KnpMenu/contributors"
                }
            ],
            "description": "An object oriented menu library",
            "homepage": "https://knplabs.com",
            "keywords": [
                "menu",
                "tree"
            ],
            "time": "2020-04-22T14:37:23+00:00"
        }
    ],
    "packages-dev": [],
    "aliases": [],
    "minimum-stability": "stable",
    "stability-flags": [],
    "prefer-stable": false,
    "prefer-lowest": false,
    "platform": [],
    "platform-dev": [],
    "plugin-api-version": "1.1.0"
}
